
Microsoft Visual Studio Solution File, Format Version 12.00
# Visual Studio 15
VisualStudioVersion = 15.0.28307.572
MinimumVisualStudioVersion = 10.0.40219.1
Project("{FAE04EC0-301F-11D3-BF4B-00C04F79EFBC}") = "WebApplication6", "WebApplication6\WebApplication6.csproj", "{6B37C3AF-0CFC-45A1-88F9-83030F3B744D}"
EndProject
Project("{E53339B2-1760-4266-BCC7-CA923CBCF16C}") = "docker-compose", "docker-compose.dcproj", "{CAA7DB89-6571-4302-B3A2-093879378F87}"
EndProject
Global
	GlobalSection(SolutionConfigurationPlatforms) = preSolution
		Debug|Any CPU = Debug|Any CPU
		Release|Any CPU = Release|Any CPU
	EndGlobalSection
	GlobalSection(ProjectConfigurationPlatforms) = postSolution
		{6B37C3AF-0CFC-45A1-88F9-83030F3B744D}.Debug|Any CPU.ActiveCfg = Debug|Any CPU
		{6B37C3AF-0CFC-45A1-88F9-83030F3B744D}.Debug|Any CPU.Build.0 = Debug|Any CPU
		{6B37C3AF-0CFC-45A1-88F9-83030F3B744D}.Release|Any CPU.ActiveCfg = Release|Any CPU
		{6B37C3AF-0CFC-45A1-88F9-83030F3B744D}.Release|Any CPU.Build.0 = Release|Any CPU
		{CAA7DB89-6571-4302-B3A2-093879378F87}.Debug|Any CPU.ActiveCfg = Debug|Any CPU
		{CAA7DB89-6571-4302-B3A2-093879378F87}.Debug|Any CPU.Build.0 = Debug|Any CPU
		{CAA7DB89-6571-4302-B3A2-093879378F87}.Release|Any CPU.ActiveCfg = Release|Any CPU
		{CAA7DB89-6571-4302-B3A2-093879378F87}.Release|Any CPU.Build.0 = Release|Any CPU
	EndGlobalSection
	GlobalSection(SolutionProperties) = preSolution
		HideSolutionNode = FALSE
	EndGlobalSection
	GlobalSection(ExtensibilityGlobals) = postSolution
		SolutionGuid = {277F9893-EC27-49D5-A888-91BDA4690169}
	EndGlobalSection
EndGlobal
